
Microsoft Visual Studio Solution File, Format Version 12.00
# Visual Studio 15
VisualStudioVersion = 15.0.28010.2003
MinimumVisualStudioVersion = 10.0.40219.1
Project("{FAE04EC0-301F-11D3-BF4B-00C04F79EFBC}") = "cecs6", "ConsoleApp3\cecs6.csproj", "{ABD05BAB-C5E6-4DA8-B2EC-8DF4D6122310}"
EndProject
Global
	GlobalSection(SolutionConfigurationPlatforms) = preSolution
		Debug|Any CPU = Debug|Any CPU
		Release|Any CPU = Release|Any CPU
	EndGlobalSection
	GlobalSection(ProjectConfigurationPlatforms) = postSolution
		{ABD05BAB-C5E6-4DA8-B2EC-8DF4D6122310}.Debug|Any CPU.ActiveCfg = Debug|Any CPU
		{ABD05BAB-C5E6-4DA8-B2EC-8DF4D6122310}.Debug|Any CPU.Build.0 = Debug|Any CPU
		{ABD05BAB-C5E6-4DA8-B2EC-8DF4D6122310}.Release|Any CPU.ActiveCfg = Release|Any CPU
		{ABD05BAB-C5E6-4DA8-B2EC-8DF4D6122310}.Release|Any CPU.Build.0 = Release|Any CPU
	EndGlobalSection
	GlobalSection(SolutionProperties) = preSolution
		HideSolutionNode = FALSE
	EndGlobalSection
	GlobalSection(ExtensibilityGlobals) = postSolution
		SolutionGuid = {1BB0048A-B11B-4487-A7D5-F9B7AAF1CDD4}
	EndGlobalSection
EndGlobal
